Microsoft Visual Studio Solution File, Format Version 12.00
# Visual Studio Version 17
VisualStudioVersion = 17.5.2.0
MinimumVisualStudioVersion = 10.0.40219.1
Project("{FAE04EC0-301F-11D3-BF4B-00C04F79EFBC}") = "PizzaApp", "PizzaApp\PizzaApp.csproj", "{7F9BA08F-AB23-066B-EA13-61AB7C575F8A}"
EndProject
Global
	GlobalSection(SolutionConfigurationPlatforms) = preSolution
		Debug|Any CPU = Debug|Any CPU
		Release|Any CPU = Release|Any CPU
	EndGlobalSection
	GlobalSection(ProjectConfigurationPlatforms) = postSolution
		{7F9BA08F-AB23-066B-EA13-61AB7C575F8A}.Debug|Any CPU.ActiveCfg = Debug|Any CPU
		{7F9BA08F-AB23-066B-EA13-61AB7C575F8A}.Debug|Any CPU.Build.0 = Debug|Any CPU
		{7F9BA08F-AB23-066B-EA13-61AB7C575F8A}.Release|Any CPU.ActiveCfg = Release|Any CPU
		{7F9BA08F-AB23-066B-EA13-61AB7C575F8A}.Release|Any CPU.Build.0 = Release|Any CPU
	EndGlobalSection
	GlobalSection(SolutionProperties) = preSolution
		HideSolutionNode = FALSE
	EndGlobalSection
	GlobalSection(ExtensibilityGlobals) = postSolution
		SolutionGuid = {7398F907-C98B-4D08-9F40-9B93EFF37E22}
	EndGlobalSection
EndGlobal
